# This file is automatically @generated by Cargo.
# It is not intended for manual editing.
version = 4

[[package]]
name = "sona-ast"
version = "0.15.3"
dependencies = [
 "sona-diagnostics",
]

[[package]]
name = "sona-bytecode"
version = "0.15.3"
dependencies = [
 "sona-ast",
 "sona-diagnostics",
 "sona-ir",
]

[[package]]
name = "sona-cli"
version = "0.15.3"
dependencies = [
 "sona-bytecode",
 "sona-diagnostics",
 "sona-ir",
 "sona-lexer",
 "sona-parser",
 "sona-runtime",
 "sona-source",
 "sona-vm",
]

[[package]]
name = "sona-diagnostics"
version = "0.15.3"

[[package]]
name = "sona-ir"
version = "0.15.3"
dependencies = [
 "sona-ast",
 "sona-diagnostics",
]

[[package]]
name = "sona-lexer"
version = "0.15.3"
dependencies = [
 "sona-diagnostics",
 "sona-source",
]

[[package]]
name = "sona-modules"
version = "0.15.3"
dependencies = [
 "sona-bytecode",
 "sona-diagnostics",
 "sona-ir",
 "sona-parser",
 "sona-source",
]

[[package]]
name = "sona-parser"
version = "0.15.3"
dependencies = [
 "sona-ast",
 "sona-diagnostics",
 "sona-lexer",
 "sona-source",
]

[[package]]
name = "sona-runtime"
version = "0.15.3"

[[package]]
name = "sona-source"
version = "0.15.3"

[[package]]
name = "sona-vm"
version = "0.15.3"
dependencies = [
 "sona-ast",
 "sona-bytecode",
 "sona-diagnostics",
 "sona-ir",
 "sona-modules",
 "sona-parser",
 "sona-runtime",
 "sona-source",
]
